
Microsoft Visual Studio Solution File, Format Version 12.00
# Visual Studio Version 16
VisualStudioVersion = 16.0.30907.101
MinimumVisualStudioVersion = 10.0.40219.1
Project("{FAE04EC0-301F-11D3-BF4B-00C04F79EFBC}") = "LessThan1Year", "LessThan1Year\LessThan1Year.csproj", "{59C764EE-8CC2-43C3-B827-F1396BFF0138}"
EndProject
Project("{FAE04EC0-301F-11D3-BF4B-00C04F79EFBC}") = "Lessthan1yearTest", "Lessthan1yearTest\Lessthan1yearTest.csproj", "{58B9038C-35CF-4F2D-9DAF-3AF2587C5F37}"
EndProject
Global
	GlobalSection(SolutionConfigurationPlatforms) = preSolution
		Debug|Any CPU = Debug|Any CPU
		Release|Any CPU = Release|Any CPU
	EndGlobalSection
	GlobalSection(ProjectConfigurationPlatforms) = postSolution
		{59C764EE-8CC2-43C3-B827-F1396BFF0138}.Debug|Any CPU.ActiveCfg = Debug|Any CPU
		{59C764EE-8CC2-43C3-B827-F1396BFF0138}.Debug|Any CPU.Build.0 = Debug|Any CPU
		{59C764EE-8CC2-43C3-B827-F1396BFF0138}.Release|Any CPU.ActiveCfg = Release|Any CPU
		{59C764EE-8CC2-43C3-B827-F1396BFF0138}.Release|Any CPU.Build.0 = Release|Any CPU
		{58B9038C-35CF-4F2D-9DAF-3AF2587C5F37}.Debug|Any CPU.ActiveCfg = Debug|Any CPU
		{58B9038C-35CF-4F2D-9DAF-3AF2587C5F37}.Debug|Any CPU.Build.0 = Debug|Any CPU
		{58B9038C-35CF-4F2D-9DAF-3AF2587C5F37}.Release|Any CPU.ActiveCfg = Release|Any CPU
		{58B9038C-35CF-4F2D-9DAF-3AF2587C5F37}.Release|Any CPU.Build.0 = Release|Any CPU
	EndGlobalSection
	GlobalSection(SolutionProperties) = preSolution
		HideSolutionNode = FALSE
	EndGlobalSection
	GlobalSection(ExtensibilityGlobals) = postSolution
		SolutionGuid = {9B3C86B9-DDF2-4C74-845A-A7C0E2A9F84D}
	EndGlobalSection
EndGlobal
